# This file is automatically @generated by Cargo.
# It is not intended for manual editing.
version = 4

[[package]]
name = "cc-attestation"
version = "0.1.0"

[[package]]
name = "cc-beacon-api"
version = "0.1.0"

[[package]]
name = "cc-bootstrap"
version = "0.1.0"

[[package]]
name = "cc-chain"
version = "0.1.0"

[[package]]
name = "cc-config"
version = "0.1.0"

[[package]]
name = "cc-crypto"
version = "0.1.0"

[[package]]
name = "cc-engine"
version = "0.1.0"

[[package]]
name = "cc-p2p"
version = "0.1.0"

[[package]]
name = "cc-proto"
version = "0.1.0"

[[package]]
name = "cc-storage"
version = "0.1.0"

[[package]]
name = "cc-types"
version = "0.1.0"
